
Microsoft Visual Studio Solution File, Format Version 12.00
Project("{FAE04EC0-301F-11D3-BF4B-00C04F79EFBC}") = "LibraryManagementSystem", "LibraryManagementSystem\LibraryManagementSystem.csproj", "{6ECA6789-F467-4627-90AF-53EADDDADE11}"
EndProject
Global
	GlobalSection(SolutionConfigurationPlatforms) = preSolution
		Debug|Any CPU = Debug|Any CPU
		Release|Any CPU = Release|Any CPU
	EndGlobalSection
	GlobalSection(ProjectConfigurationPlatforms) = postSolution
		{6ECA6789-F467-4627-90AF-53EADDDADE11}.Debug|Any CPU.ActiveCfg = Debug|Any CPU
		{6ECA6789-F467-4627-90AF-53EADDDADE11}.Debug|Any CPU.Build.0 = Debug|Any CPU
		{6ECA6789-F467-4627-90AF-53EADDDADE11}.Release|Any CPU.ActiveCfg = Release|Any CPU
		{6ECA6789-F467-4627-90AF-53EADDDADE11}.Release|Any CPU.Build.0 = Release|Any CPU
	EndGlobalSection
EndGlobal
