
Microsoft Visual Studio Solution File, Format Version 12.00
Project("{FAE04EC0-301F-11D3-BF4B-00C04F79EFBC}") = "project async", "project async\project async.csproj", "{F99D92C4-1B7F-4EF9-85D1-ADD4B7D148E8}"
EndProject
Global
	GlobalSection(SolutionConfigurationPlatforms) = preSolution
		Debug|Any CPU = Debug|Any CPU
		Release|Any CPU = Release|Any CPU
	EndGlobalSection
	GlobalSection(ProjectConfigurationPlatforms) = postSolution
		{F99D92C4-1B7F-4EF9-85D1-ADD4B7D148E8}.Debug|Any CPU.ActiveCfg = Debug|Any CPU
		{F99D92C4-1B7F-4EF9-85D1-ADD4B7D148E8}.Debug|Any CPU.Build.0 = Debug|Any CPU
		{F99D92C4-1B7F-4EF9-85D1-ADD4B7D148E8}.Release|Any CPU.ActiveCfg = Release|Any CPU
		{F99D92C4-1B7F-4EF9-85D1-ADD4B7D148E8}.Release|Any CPU.Build.0 = Release|Any CPU
	EndGlobalSection
EndGlobal
